
Microsoft Visual Studio Solution File, Format Version 12.00
# Visual Studio 15
VisualStudioVersion = 15.0.27428.2037
MinimumVisualStudioVersion = 10.0.40219.1
Project("{FAE04EC0-301F-11D3-BF4B-00C04F79EFBC}") = "TestForm", "TestForm\TestForm.csproj", "{A6255C73-15DB-414B-8BAB-4FF06D7FDD4C}"
EndProject
Project("{FAE04EC0-301F-11D3-BF4B-00C04F79EFBC}") = "TimelineSchedulerControl", "TimelineSchedulerControl\TimelineSchedulerControl.csproj", "{099670F8-3406-455F-80B4-93EDF759B680}"
EndProject
Global
	GlobalSection(SolutionConfigurationPlatforms) = preSolution
		Debug|Any CPU = Debug|Any CPU
		Release|Any CPU = Release|Any CPU
	EndGlobalSection
	GlobalSection(ProjectConfigurationPlatforms) = postSolution
		{A6255C73-15DB-414B-8BAB-4FF06D7FDD4C}.Debug|Any CPU.ActiveCfg = Debug|Any CPU
		{A6255C73-15DB-414B-8BAB-4FF06D7FDD4C}.Debug|Any CPU.Build.0 = Debug|Any CPU
		{A6255C73-15DB-414B-8BAB-4FF06D7FDD4C}.Release|Any CPU.ActiveCfg = Release|Any CPU
		{A6255C73-15DB-414B-8BAB-4FF06D7FDD4C}.Release|Any CPU.Build.0 = Release|Any CPU
		{099670F8-3406-455F-80B4-93EDF759B680}.Debug|Any CPU.ActiveCfg = Debug|Any CPU
		{099670F8-3406-455F-80B4-93EDF759B680}.Debug|Any CPU.Build.0 = Debug|Any CPU
		{099670F8-3406-455F-80B4-93EDF759B680}.Release|Any CPU.ActiveCfg = Release|Any CPU
		{099670F8-3406-455F-80B4-93EDF759B680}.Release|Any CPU.Build.0 = Release|Any CPU
	EndGlobalSection
	GlobalSection(SolutionProperties) = preSolution
		HideSolutionNode = FALSE
	EndGlobalSection
	GlobalSection(ExtensibilityGlobals) = postSolution
		SolutionGuid = {E29B7DF2-2415-4A01-A009-717CDECC2F8A}
	EndGlobalSection
EndGlobal
